
Microsoft Visual Studio Solution File, Format Version 12.00
# Visual Studio 2013
VisualStudioVersion = 12.0.31101.0
MinimumVisualStudioVersion = 10.0.40219.1
Project("{FAE04EC0-301F-11D3-BF4B-00C04F79EFBC}") = "Mvc5", "Mvc5\Mvc5.csproj", "{CB2B76A7-BB8E-42ED-8C01-94DEAB4C70E5}"
EndProject
Project("{FAE04EC0-301F-11D3-BF4B-00C04F79EFBC}") = "WebApi2", "WebApi2\WebApi2.csproj", "{3DA3660B-5728-41AB-9702-AE72C4338DC3}"
EndProject
Global
	GlobalSection(SolutionConfigurationPlatforms) = preSolution
		Debug|Any CPU = Debug|Any CPU
		Release|Any CPU = Release|Any CPU
	EndGlobalSection
	GlobalSection(ProjectConfigurationPlatforms) = postSolution
		{CB2B76A7-BB8E-42ED-8C01-94DEAB4C70E5}.Debug|Any CPU.ActiveCfg = Debug|Any CPU
		{CB2B76A7-BB8E-42ED-8C01-94DEAB4C70E5}.Debug|Any CPU.Build.0 = Debug|Any CPU
		{CB2B76A7-BB8E-42ED-8C01-94DEAB4C70E5}.Release|Any CPU.ActiveCfg = Release|Any CPU
		{CB2B76A7-BB8E-42ED-8C01-94DEAB4C70E5}.Release|Any CPU.Build.0 = Release|Any CPU
		{3DA3660B-5728-41AB-9702-AE72C4338DC3}.Debug|Any CPU.ActiveCfg = Debug|Any CPU
		{3DA3660B-5728-41AB-9702-AE72C4338DC3}.Debug|Any CPU.Build.0 = Debug|Any CPU
		{3DA3660B-5728-41AB-9702-AE72C4338DC3}.Release|Any CPU.ActiveCfg = Release|Any CPU
		{3DA3660B-5728-41AB-9702-AE72C4338DC3}.Release|Any CPU.Build.0 = Release|Any CPU
	EndGlobalSection
	GlobalSection(SolutionProperties) = preSolution
		HideSolutionNode = FALSE
	EndGlobalSection
EndGlobal
